// !$*UTF8*$!
{
	archiveVersion = 1;
	classes = {
	};
	objectVersion = 51;
	objects = {

/* Begin PBXBuildFile section */
		46758F6AC973672C3682ED76 /* Pods_FBU_Final_Project_FBU_Final_ProjectUITests.framework in Frameworks */ = {isa = PBXBuildFile; fileRef = 7E4231B415B584643EA7B946 /* Pods_FBU_Final_Project_FBU_Final_ProjectUITests.framework */; };
		A5977033910398E15DD4F7C0 /* Pods_FBU_Final_ProjectTests.framework in Frameworks */ = {isa = PBXBuildFile; fileRef = BBE047636298072029964732 /* Pods_FBU_Final_ProjectTests.framework */; };
		C56BA5663FC6805F88378168 /* Pods_FBU_Final_Project.framework in Frameworks */ = {isa = PBXBuildFile; fileRef = 07A8394468BAEED0D4F64982 /* Pods_FBU_Final_Project.framework */; };
		DF29867D269C9EDF00EFB770 /* AppDelegate.m in Sources */ = {isa = PBXBuildFile; fileRef = DF29867C269C9EDF00EFB770 /* AppDelegate.m */; };
		DF298680269C9EDF00EFB770 /* SceneDelegate.m in Sources */ = {isa = PBXBuildFile; fileRef = DF29867F269C9EDF00EFB770 /* SceneDelegate.m */; };
		DF298688269C9EE000EFB770 /* Assets.xcassets in Resources */ = {isa = PBXBuildFile; fileRef = DF298687269C9EE000EFB770 /* Assets.xcassets */; };
		DF29868B269C9EE000EFB770 /* LaunchScreen.storyboard in Resources */ = {isa = PBXBuildFile; fileRef = DF298689269C9EE000EFB770 /* LaunchScreen.storyboard */; };
		DF29868E269C9EE000EFB770 /* main.m in Sources */ = {isa = PBXBuildFile; fileRef = DF29868D269C9EE000EFB770 /* main.m */; };
		DF298698269C9EE000EFB770 /* FBU_Final_ProjectTests.m in Sources */ = {isa = PBXBuildFile; fileRef = DF298697269C9EE000EFB770 /* FBU_Final_ProjectTests.m */; };
		DF2986A3269C9EE000EFB770 /* FBU_Final_ProjectUITests.m in Sources */ = {isa = PBXBuildFile; fileRef = DF2986A2269C9EE000EFB770 /* FBU_Final_ProjectUITests.m */; };
		DF2986B2269CA81F00EFB770 /* GoogleService-Info.plist in Resources */ = {isa = PBXBuildFile; fileRef = DF2986B1269CA81F00EFB770 /* GoogleService-Info.plist */; };
		DF2986B5269CFD2B00EFB770 /* WelcomeViewController.m in Sources */ = {isa = PBXBuildFile; fileRef = DF2986B4269CFD2B00EFB770 /* WelcomeViewController.m */; };
		DF2986B8269D019400EFB770 /* EnterPhoneNumberViewController.m in Sources */ = {isa = PBXBuildFile; fileRef = DF2986B7269D019400EFB770 /* EnterPhoneNumberViewController.m */; };
		DF2986BB269D05B400EFB770 /* EnterVerificationCodeViewController.m in Sources */ = {isa = PBXBuildFile; fileRef = DF2986BA269D05B400EFB770 /* EnterVerificationCodeViewController.m */; };
		DF2986BD269DE85900EFB770 /* User.m in Sources */ = {isa = PBXBuildFile; fileRef = DF2986BC269DE85900EFB770 /* User.m */; };
		DF2986C2269DF08900EFB770 /* UsernameViewController.m in Sources */ = {isa = PBXBuildFile; fileRef = DF2986C1269DF08900EFB770 /* UsernameViewController.m */; };
		DF2986C4269DFC3B00EFB770 /* FirestoreObject.m in Sources */ = {isa = PBXBuildFile; fileRef = DF2986C3269DFC3B00EFB770 /* FirestoreObject.m */; };
		DF3A8746269E000C008904BB /* TabBarController.m in Sources */ = {isa = PBXBuildFile; fileRef = DF3A8745269E000B008904BB /* TabBarController.m */; };
		DF3A8750269E0B7E008904BB /* DesignHelper.m in Sources */ = {isa = PBXBuildFile; fileRef = DF3A874F269E0B7E008904BB /* DesignHelper.m */; };
		DF4E31E0269E4C2900745766 /* CameraViewController.m in Sources */ = {isa = PBXBuildFile; fileRef = DF4E31DF269E4C2900745766 /* CameraViewController.m */; };
		DF4E31E6269E4C8A00745766 /* FeedViewController.m in Sources */ = {isa = PBXBuildFile; fileRef = DF4E31E5269E4C8A00745766 /* FeedViewController.m */; };
		DF4E31E9269E4C9300745766 /* ExploreViewController.m in Sources */ = {isa = PBXBuildFile; fileRef = DF4E31E8269E4C9300745766 /* ExploreViewController.m */; };
		DF4E31F3269E6D7D00745766 /* ScrollViewHelper.m in Sources */ = {isa = PBXBuildFile; fileRef = DF4E31F2269E6D7D00745766 /* ScrollViewHelper.m */; };
		DF4E31F7269E80A200745766 /* ButtonsViewController.m in Sources */ = {isa = PBXBuildFile; fileRef = DF4E31F6269E80A200745766 /* ButtonsViewController.m */; };
		DF4E31FF269E944A00745766 /* ViewControllerHelper.m in Sources */ = {isa = PBXBuildFile; fileRef = DF4E31FE269E944A00745766 /* ViewControllerHelper.m */; };
		DF4E3205269F8CCB00745766 /* CreateListingViewController.m in Sources */ = {isa = PBXBuildFile; fileRef = DF4E3204269F8CCB00745766 /* CreateListingViewController.m */; };
		DF4E3208269FD1F800745766 /* RootViewController.m in Sources */ = {isa = PBXBuildFile; fileRef = DF4E3207269FD1F800745766 /* RootViewController.m */; };
		DF8E6110269FE2B50097F826 /* ListingImageViewTableViewCell.m in Sources */ = {isa = PBXBuildFile; fileRef = DF8E610F269FE2B50097F826 /* ListingImageViewTableViewCell.m */; };
/* End PBXBuildFile section */

/* Begin PBXContainerItemProxy section */
		DF298694269C9EE000EFB770 /* PBXContainerItemProxy */ = {
			isa = PBXContainerItemProxy;
			containerPortal = DF298670269C9EDF00EFB770 /* Project object */;
			proxyType = 1;
			remoteGlobalIDString = DF298677269C9EDF00EFB770;
			remoteInfo = "FBU Final Project";
		};
		DF29869F269C9EE000EFB770 /* PBXContainerItemProxy */ = {
			isa = PBXContainerItemProxy;
			containerPortal = DF298670269C9EDF00EFB770 /* Project object */;
			proxyType = 1;
			remoteGlobalIDString = DF298677269C9EDF00EFB770;
			remoteInfo = "FBU Final Project";
		};
/* End PBXContainerItemProxy section */

/* Begin PBXFileReference section */
		07A8394468BAEED0D4F64982 /* Pods_FBU_Final_Project.framework */ = {isa = PBXFileReference; explicitFileType = wrapper.framework; includeInIndex = 0; path = Pods_FBU_Final_Project.framework; sourceTree = BUILT_PRODUCTS_DIR; };
		134B54EFCA73B0CD2ED25B63 /* Pods-FBU Final ProjectTests.release.xcconfig */ = {isa = PBXFileReference; includeInIndex = 1; lastKnownFileType = text.xcconfig; name = "Pods-FBU Final ProjectTests.release.xcconfig"; path = "Target Support Files/Pods-FBU Final ProjectTests/Pods-FBU Final ProjectTests.release.xcconfig"; sourceTree = "<group>"; };
		440A8456D8B375CBDE9688B3 /* Pods-FBU Final Project.debug.xcconfig */ = {isa = PBXFileReference; includeInIndex = 1; lastKnownFileType = text.xcconfig; name = "Pods-FBU Final Project.debug.xcconfig"; path = "Target Support Files/Pods-FBU Final Project/Pods-FBU Final Project.debug.xcconfig"; sourceTree = "<group>"; };
		4E754A42201218B3CB912D6C /* Pods-FBU Final Project-FBU Final ProjectUITests.debug.xcconfig */ = {isa = PBXFileReference; includeInIndex = 1; lastKnownFileType = text.xcconfig; name = "Pods-FBU Final Project-FBU Final ProjectUITests.debug.xcconfig"; path = "Target Support Files/Pods-FBU Final Project-FBU Final ProjectUITests/Pods-FBU Final Project-FBU Final ProjectUITests.debug.xcconfig"; sourceTree = "<group>"; };
		79B2BF58A1E0294061549D3D /* Pods-FBU Final Project-FBU Final ProjectUITests.release.xcconfig */ = {isa = PBXFileReference; includeInIndex = 1; lastKnownFileType = text.xcconfig; name = "Pods-FBU Final Project-FBU Final ProjectUITests.release.xcconfig"; path = "Target Support Files/Pods-FBU Final Project-FBU Final ProjectUITests/Pods-FBU Final Project-FBU Final ProjectUITests.release.xcconfig"; sourceTree = "<group>"; };
		7E4231B415B584643EA7B946 /* Pods_FBU_Final_Project_FBU_Final_ProjectUITests.framework */ = {isa = PBXFileReference; explicitFileType = wrapper.framework; includeInIndex = 0; path = Pods_FBU_Final_Project_FBU_Final_ProjectUITests.framework; sourceTree = BUILT_PRODUCTS_DIR; };
		B866495E2657D696E83E33B1 /* Pods-FBU Final Project.release.xcconfig */ = {isa = PBXFileReference; includeInIndex = 1; lastKnownFileType = text.xcconfig; name = "Pods-FBU Final Project.release.xcconfig"; path = "Target Support Files/Pods-FBU Final Project/Pods-FBU Final Project.release.xcconfig"; sourceTree = "<group>"; };
		BBE047636298072029964732 /* Pods_FBU_Final_ProjectTests.framework */ = {isa = PBXFileReference; explicitFileType = wrapper.framework; includeInIndex = 0; path = Pods_FBU_Final_ProjectTests.framework; sourceTree = BUILT_PRODUCTS_DIR; };
		DF298678269C9EDF00EFB770 /* FBU Final Project.app */ = {isa = PBXFileReference; explicitFileType = wrapper.application; includeInIndex = 0; path = "FBU Final Project.app"; sourceTree = BUILT_PRODUCTS_DIR; };
		DF29867B269C9EDF00EFB770 /* AppDelegate.h */ = {isa = PBXFileReference; lastKnownFileType = sourcecode.c.h; path = AppDelegate.h; sourceTree = "<group>"; };
		DF29867C269C9EDF00EFB770 /* AppDelegate.m */ = {isa = PBXFileReference; lastKnownFileType = sourcecode.c.objc; path = AppDelegate.m; sourceTree = "<group>"; };
		DF29867E269C9EDF00EFB770 /* SceneDelegate.h */ = {isa = PBXFileReference; lastKnownFileType = sourcecode.c.h; path = SceneDelegate.h; sourceTree = "<group>"; };
		DF29867F269C9EDF00EFB770 /* SceneDelegate.m */ = {isa = PBXFileReference; lastKnownFileType = sourcecode.c.objc; path = SceneDelegate.m; sourceTree = "<group>"; };
		DF298687269C9EE000EFB770 /* Assets.xcassets */ = {isa = PBXFileReference; lastKnownFileType = folder.assetcatalog; path = Assets.xcassets; sourceTree = "<group>"; };
		DF29868A269C9EE000EFB770 /* Base */ = {isa = PBXFileReference; lastKnownFileType = file.storyboard; name = Base; path = Base.lproj/LaunchScreen.storyboard; sourceTree = "<group>"; };
		DF29868C269C9EE000EFB770 /* Info.plist */ = {isa = PBXFileReference; lastKnownFileType = text.plist.xml; path = Info.plist; sourceTree = "<group>"; };
		DF29868D269C9EE000EFB770 /* main.m */ = {isa = PBXFileReference; lastKnownFileType = sourcecode.c.objc; path = main.m; sourceTree = "<group>"; };
		DF298693269C9EE000EFB770 /* FBU Final ProjectTests.xctest */ = {isa = PBXFileReference; explicitFileType = wrapper.cfbundle; includeInIndex = 0; path = "FBU Final ProjectTests.xctest"; sourceTree = BUILT_PRODUCTS_DIR; };
		DF298697269C9EE000EFB770 /* FBU_Final_ProjectTests.m */ = {isa = PBXFileReference; lastKnownFileType = sourcecode.c.objc; path = FBU_Final_ProjectTests.m; sourceTree = "<group>"; };
		DF298699269C9EE000EFB770 /* Info.plist */ = {isa = PBXFileReference; lastKnownFileType = text.plist.xml; path = Info.plist; sourceTree = "<group>"; };
		DF29869E269C9EE000EFB770 /* FBU Final ProjectUITests.xctest */ = {isa = PBXFileReference; explicitFileType = wrapper.cfbundle; includeInIndex = 0; path = "FBU Final ProjectUITests.xctest"; sourceTree = BUILT_PRODUCTS_DIR; };
		DF2986A2269C9EE000EFB770 /* FBU_Final_ProjectUITests.m */ = {isa = PBXFileReference; lastKnownFileType = sourcecode.c.objc; path = FBU_Final_ProjectUITests.m; sourceTree = "<group>"; };
		DF2986A4269C9EE000EFB770 /* Info.plist */ = {isa = PBXFileReference; lastKnownFileType = text.plist.xml; path = Info.plist; sourceTree = "<group>"; };
		DF2986B1269CA81F00EFB770 /* GoogleService-Info.plist */ = {isa = PBXFileReference; fileEncoding = 4; lastKnownFileType = text.plist.xml; path = "GoogleService-Info.plist"; sourceTree = "<group>"; };
		DF2986B3269CFD2B00EFB770 /* WelcomeViewController.h */ = {isa = PBXFileReference; lastKnownFileType = sourcecode.c.h; path = WelcomeViewController.h; sourceTree = "<group>"; };
		DF2986B4269CFD2B00EFB770 /* WelcomeViewController.m */ = {isa = PBXFileReference; lastKnownFileType = sourcecode.c.objc; path = WelcomeViewController.m; sourceTree = "<group>"; };
		DF2986B6269D019400EFB770 /* EnterPhoneNumberViewController.h */ = {isa = PBXFileReference; lastKnownFileType = sourcecode.c.h; path = EnterPhoneNumberViewController.h; sourceTree = "<group>"; };
		DF2986B7269D019400EFB770 /* EnterPhoneNumberViewController.m */ = {isa = PBXFileReference; lastKnownFileType = sourcecode.c.objc; path = EnterPhoneNumberViewController.m; sourceTree = "<group>"; };
		DF2986B9269D05B400EFB770 /* EnterVerificationCodeViewController.h */ = {isa = PBXFileReference; lastKnownFileType = sourcecode.c.h; path = EnterVerificationCodeViewController.h; sourceTree = "<group>"; };
		DF2986BA269D05B400EFB770 /* EnterVerificationCodeViewController.m */ = {isa = PBXFileReference; lastKnownFileType = sourcecode.c.objc; path = EnterVerificationCodeViewController.m; sourceTree = "<group>"; };
		DF2986BC269DE85900EFB770 /* User.m */ = {isa = PBXFileReference; lastKnownFileType = sourcecode.c.objc; path = User.m; sourceTree = "<group>"; };
		DF2986BE269DE86100EFB770 /* User.h */ = {isa = PBXFileReference; lastKnownFileType = sourcecode.c.h; path = User.h; sourceTree = "<group>"; };
		DF2986C0269DF08900EFB770 /* UsernameViewController.h */ = {isa = PBXFileReference; lastKnownFileType = sourcecode.c.h; path = UsernameViewController.h; sourceTree = "<group>"; };
		DF2986C1269DF08900EFB770 /* UsernameViewController.m */ = {isa = PBXFileReference; lastKnownFileType = sourcecode.c.objc; path = UsernameViewController.m; sourceTree = "<group>"; };
		DF2986C3269DFC3B00EFB770 /* FirestoreObject.m */ = {isa = PBXFileReference; lastKnownFileType = sourcecode.c.objc; path = FirestoreObject.m; sourceTree = "<group>"; };
		DF2986C5269DFC4600EFB770 /* FirestoreObject.h */ = {isa = PBXFileReference; lastKnownFileType = sourcecode.c.h; path = FirestoreObject.h; sourceTree = "<group>"; };
		DF3A8744269E000B008904BB /* TabBarController.h */ = {isa = PBXFileReference; lastKnownFileType = sourcecode.c.h; path = TabBarController.h; sourceTree = "<group>"; };
		DF3A8745269E000B008904BB /* TabBarController.m */ = {isa = PBXFileReference; lastKnownFileType = sourcecode.c.objc; path = TabBarController.m; sourceTree = "<group>"; };
		DF3A874F269E0B7E008904BB /* DesignHelper.m */ = {isa = PBXFileReference; lastKnownFileType = sourcecode.c.objc; path = DesignHelper.m; sourceTree = "<group>"; };
		DF3A8751269E0B89008904BB /* DesignHelper.h */ = {isa = PBXFileReference; lastKnownFileType = sourcecode.c.h; path = DesignHelper.h; sourceTree = "<group>"; };
		DF4E31DE269E4C2900745766 /* CameraViewController.h */ = {isa = PBXFileReference; lastKnownFileType = sourcecode.c.h; path = CameraViewController.h; sourceTree = "<group>"; };
		DF4E31DF269E4C2900745766 /* CameraViewController.m */ = {isa = PBXFileReference; lastKnownFileType = sourcecode.c.objc; path = CameraViewController.m; sourceTree = "<group>"; };
		DF4E31E4269E4C8A00745766 /* FeedViewController.h */ = {isa = PBXFileReference; lastKnownFileType = sourcecode.c.h; path = FeedViewController.h; sourceTree = "<group>"; };
		DF4E31E5269E4C8A00745766 /* FeedViewController.m */ = {isa = PBXFileReference; lastKnownFileType = sourcecode.c.objc; path = FeedViewController.m; sourceTree = "<group>"; };
		DF4E31E7269E4C9300745766 /* ExploreViewController.h */ = {isa = PBXFileReference; lastKnownFileType = sourcecode.c.h; path = ExploreViewController.h; sourceTree = "<group>"; };
		DF4E31E8269E4C9300745766 /* ExploreViewController.m */ = {isa = PBXFileReference; lastKnownFileType = sourcecode.c.objc; path = ExploreViewController.m; sourceTree = "<group>"; };
		DF4E31F2269E6D7D00745766 /* ScrollViewHelper.m */ = {isa = PBXFileReference; lastKnownFileType = sourcecode.c.objc; path = ScrollViewHelper.m; sourceTree = "<group>"; };
		DF4E31F4269E6D8600745766 /* ScrollViewHelper.h */ = {isa = PBXFileReference; lastKnownFileType = sourcecode.c.h; path = ScrollViewHelper.h; sourceTree = "<group>"; };
		DF4E31F5269E80A200745766 /* ButtonsViewController.h */ = {isa = PBXFileReference; lastKnownFileType = sourcecode.c.h; path = ButtonsViewController.h; sourceTree = "<group>"; };
		DF4E31F6269E80A200745766 /* ButtonsViewController.m */ = {isa = PBXFileReference; lastKnownFileType = sourcecode.c.objc; path = ButtonsViewController.m; sourceTree = "<group>"; };
		DF4E31FB269E826000745766 /* PanelButtonPosition.h */ = {isa = PBXFileReference; lastKnownFileType = sourcecode.c.h; path = PanelButtonPosition.h; sourceTree = "<group>"; };
		DF4E31FD269E872B00745766 /* ButtonsDelegate.h */ = {isa = PBXFileReference; lastKnownFileType = sourcecode.c.h; path = ButtonsDelegate.h; sourceTree = "<group>"; };
		DF4E31FE269E944A00745766 /* ViewControllerHelper.m */ = {isa = PBXFileReference; lastKnownFileType = sourcecode.c.objc; path = ViewControllerHelper.m; sourceTree = "<group>"; };
		DF4E3200269E945400745766 /* ViewControllerHelper.h */ = {isa = PBXFileReference; lastKnownFileType = sourcecode.c.h; path = ViewControllerHelper.h; sourceTree = "<group>"; };
		DF4E3203269F8CCB00745766 /* CreateListingViewController.h */ = {isa = PBXFileReference; lastKnownFileType = sourcecode.c.h; path = CreateListingViewController.h; sourceTree = "<group>"; };
		DF4E3204269F8CCB00745766 /* CreateListingViewController.m */ = {isa = PBXFileReference; lastKnownFileType = sourcecode.c.objc; path = CreateListingViewController.m; sourceTree = "<group>"; };
		DF4E3206269FD1F800745766 /* RootViewController.h */ = {isa = PBXFileReference; lastKnownFileType = sourcecode.c.h; path = RootViewController.h; sourceTree = "<group>"; };
		DF4E3207269FD1F800745766 /* RootViewController.m */ = {isa = PBXFileReference; lastKnownFileType = sourcecode.c.objc; path = RootViewController.m; sourceTree = "<group>"; };
		DF8E610E269FE2B50097F826 /* ListingImageViewTableViewCell.h */ = {isa = PBXFileReference; lastKnownFileType = sourcecode.c.h; path = ListingImageViewTableViewCell.h; sourceTree = "<group>"; };
		DF8E610F269FE2B50097F826 /* ListingImageViewTableViewCell.m */ = {isa = PBXFileReference; lastKnownFileType = sourcecode.c.objc; path = ListingImageViewTableViewCell.m; sourceTree = "<group>"; };
		E455FA271757885065A8D89E /* Pods-FBU Final ProjectTests.debug.xcconfig */ = {isa = PBXFileReference; includeInIndex = 1; lastKnownFileType = text.xcconfig; name = "Pods-FBU Final ProjectTests.debug.xcconfig"; path = "Target Support Files/Pods-FBU Final ProjectTests/Pods-FBU Final ProjectTests.debug.xcconfig"; sourceTree = "<group>"; };
/* End PBXFileReference section */

/* Begin PBXFrameworksBuildPhase section */
		DF298675269C9EDF00EFB770 /* Frameworks */ = {
			isa = PBXFrameworksBuildPhase;
			buildActionMask = 2147483647;
			files = (
				C56BA5663FC6805F88378168 /* Pods_FBU_Final_Project.framework in Frameworks */,
			);
			runOnlyForDeploymentPostprocessing = 0;
		};
		DF298690269C9EE000EFB770 /* Frameworks */ = {
			isa = PBXFrameworksBuildPhase;
			buildActionMask = 2147483647;
			files = (
				A5977033910398E15DD4F7C0 /* Pods_FBU_Final_ProjectTests.framework in Frameworks */,
			);
			runOnlyForDeploymentPostprocessing = 0;
		};
		DF29869B269C9EE000EFB770 /* Frameworks */ = {
			isa = PBXFrameworksBuildPhase;
			buildActionMask = 2147483647;
			files = (
				46758F6AC973672C3682ED76 /* Pods_FBU_Final_Project_FBU_Final_ProjectUITests.framework in Frameworks */,
			);
			runOnlyForDeploymentPostprocessing = 0;
		};
/* End PBXFrameworksBuildPhase section */

/* Begin PBXGroup section */
		83BC0200DB655DF5A2C6C642 /* Pods */ = {
			isa = PBXGroup;
			children = (
				440A8456D8B375CBDE9688B3 /* Pods-FBU Final Project.debug.xcconfig */,
				B866495E2657D696E83E33B1 /* Pods-FBU Final Project.release.xcconfig */,
				4E754A42201218B3CB912D6C /* Pods-FBU Final Project-FBU Final ProjectUITests.debug.xcconfig */,
				79B2BF58A1E0294061549D3D /* Pods-FBU Final Project-FBU Final ProjectUITests.release.xcconfig */,
				E455FA271757885065A8D89E /* Pods-FBU Final ProjectTests.debug.xcconfig */,
				134B54EFCA73B0CD2ED25B63 /* Pods-FBU Final ProjectTests.release.xcconfig */,
			);
			path = Pods;
			sourceTree = "<group>";
		};
		DF29866F269C9EDF00EFB770 = {
			isa = PBXGroup;
			children = (
				DF29867A269C9EDF00EFB770 /* FBU Final Project */,
				DF298696269C9EE000EFB770 /* FBU Final ProjectTests */,
				DF2986A1269C9EE000EFB770 /* FBU Final ProjectUITests */,
				DF298679269C9EDF00EFB770 /* Products */,
				83BC0200DB655DF5A2C6C642 /* Pods */,
				FFAAE985E21F24C4639E03E7 /* Frameworks */,
			);
			sourceTree = "<group>";
		};
		DF298679269C9EDF00EFB770 /* Products */ = {
			isa = PBXGroup;
			children = (
				DF298678269C9EDF00EFB770 /* FBU Final Project.app */,
				DF298693269C9EE000EFB770 /* FBU Final ProjectTests.xctest */,
				DF29869E269C9EE000EFB770 /* FBU Final ProjectUITests.xctest */,
			);
			name = Products;
			sourceTree = "<group>";
		};
		DF29867A269C9EDF00EFB770 /* FBU Final Project */ = {
			isa = PBXGroup;
			children = (
				DF3A874D269E0878008904BB /* Core */,
				DF4E31EA269E5E8F00745766 /* Extensions */,
				DF3A8749269E0836008904BB /* Model */,
				DF3A874C269E0871008904BB /* View */,
				DF3A8747269E080F008904BB /* ViewControllers */,
				DF298687269C9EE000EFB770 /* Assets.xcassets */,
				DF29868C269C9EE000EFB770 /* Info.plist */,
				DF2986B1269CA81F00EFB770 /* GoogleService-Info.plist */,
			);
			path = "FBU Final Project";
			sourceTree = "<group>";
		};
		DF298696269C9EE000EFB770 /* FBU Final ProjectTests */ = {
			isa = PBXGroup;
			children = (
				DF298697269C9EE000EFB770 /* FBU_Final_ProjectTests.m */,
				DF298699269C9EE000EFB770 /* Info.plist */,
			);
			path = "FBU Final ProjectTests";
			sourceTree = "<group>";
		};
		DF2986A1269C9EE000EFB770 /* FBU Final ProjectUITests */ = {
			isa = PBXGroup;
			children = (
				DF2986A2269C9EE000EFB770 /* FBU_Final_ProjectUITests.m */,
				DF2986A4269C9EE000EFB770 /* Info.plist */,
			);
			path = "FBU Final ProjectUITests";
			sourceTree = "<group>";
		};
		DF3A8747269E080F008904BB /* ViewControllers */ = {
			isa = PBXGroup;
			children = (
				DF4E31E3269E4C7700745766 /* Feed */,
				DF4E31E1269E4C4200745766 /* Camera */,
				DF4E31E2269E4C6F00745766 /* Explore */,
				DF3A874B269E0857008904BB /* Generic ViewControllers */,
				DF3A8748269E0819008904BB /* Login */,
			);
			path = ViewControllers;
			sourceTree = "<group>";
		};
		DF3A8748269E0819008904BB /* Login */ = {
			isa = PBXGroup;
			children = (
				DF2986B3269CFD2B00EFB770 /* WelcomeViewController.h */,
				DF2986B4269CFD2B00EFB770 /* WelcomeViewController.m */,
				DF2986B6269D019400EFB770 /* EnterPhoneNumberViewController.h */,
				DF2986B7269D019400EFB770 /* EnterPhoneNumberViewController.m */,
				DF2986B9269D05B400EFB770 /* EnterVerificationCodeViewController.h */,
				DF2986BA269D05B400EFB770 /* EnterVerificationCodeViewController.m */,
				DF2986C0269DF08900EFB770 /* UsernameViewController.h */,
				DF2986C1269DF08900EFB770 /* UsernameViewController.m */,
			);
			path = Login;
			sourceTree = "<group>";
		};
		DF3A8749269E0836008904BB /* Model */ = {
			isa = PBXGroup;
			children = (
				DF4E31FC269E871C00745766 /* Protocols */,
				DF4E31F9269E823700745766 /* Enums */,
				DF3A874E269E0B65008904BB /* Helpers */,
				DF3A874A269E083D008904BB /* Firestore Models */,
			);
			path = Model;
			sourceTree = "<group>";
		};
		DF3A874A269E083D008904BB /* Firestore Models */ = {
			isa = PBXGroup;
			children = (
				DF2986C5269DFC4600EFB770 /* FirestoreObject.h */,
				DF2986C3269DFC3B00EFB770 /* FirestoreObject.m */,
				DF2986BE269DE86100EFB770 /* User.h */,
				DF2986BC269DE85900EFB770 /* User.m */,
			);
			path = "Firestore Models";
			sourceTree = "<group>";
		};
		DF3A874B269E0857008904BB /* Generic ViewControllers */ = {
			isa = PBXGroup;
			children = (
				DF3A8744269E000B008904BB /* TabBarController.h */,
				DF3A8745269E000B008904BB /* TabBarController.m */,
				DF4E31F5269E80A200745766 /* ButtonsViewController.h */,
				DF4E31F6269E80A200745766 /* ButtonsViewController.m */,
				DF4E3206269FD1F800745766 /* RootViewController.h */,
				DF4E3207269FD1F800745766 /* RootViewController.m */,
			);
			path = "Generic ViewControllers";
			sourceTree = "<group>";
		};
		DF3A874C269E0871008904BB /* View */ = {
			isa = PBXGroup;
			children = (
				DF8E610E269FE2B50097F826 /* ListingImageViewTableViewCell.h */,
				DF8E610F269FE2B50097F826 /* ListingImageViewTableViewCell.m */,
			);
			path = View;
			sourceTree = "<group>";
		};
		DF3A874D269E0878008904BB /* Core */ = {
			isa = PBXGroup;
			children = (
				DF29868D269C9EE000EFB770 /* main.m */,
				DF298689269C9EE000EFB770 /* LaunchScreen.storyboard */,
				DF29867B269C9EDF00EFB770 /* AppDelegate.h */,
				DF29867C269C9EDF00EFB770 /* AppDelegate.m */,
				DF29867E269C9EDF00EFB770 /* SceneDelegate.h */,
				DF29867F269C9EDF00EFB770 /* SceneDelegate.m */,
			);
			path = Core;
			sourceTree = "<group>";
		};
		DF3A874E269E0B65008904BB /* Helpers */ = {
			isa = PBXGroup;
			children = (
				DF3A8751269E0B89008904BB /* DesignHelper.h */,
				DF3A874F269E0B7E008904BB /* DesignHelper.m */,
				DF4E31F4269E6D8600745766 /* ScrollViewHelper.h */,
				DF4E31F2269E6D7D00745766 /* ScrollViewHelper.m */,
				DF4E3200269E945400745766 /* ViewControllerHelper.h */,
				DF4E31FE269E944A00745766 /* ViewControllerHelper.m */,
			);
			path = Helpers;
			sourceTree = "<group>";
		};
		DF4E31E1269E4C4200745766 /* Camera */ = {
			isa = PBXGroup;
			children = (
				DF4E31DE269E4C2900745766 /* CameraViewController.h */,
				DF4E31DF269E4C2900745766 /* CameraViewController.m */,
				DF4E3203269F8CCB00745766 /* CreateListingViewController.h */,
				DF4E3204269F8CCB00745766 /* CreateListingViewController.m */,
			);
			path = Camera;
			sourceTree = "<group>";
		};
		DF4E31E2269E4C6F00745766 /* Explore */ = {
			isa = PBXGroup;
			children = (
				DF4E31E7269E4C9300745766 /* ExploreViewController.h */,
				DF4E31E8269E4C9300745766 /* ExploreViewController.m */,
			);
			path = Explore;
			sourceTree = "<group>";
		};
		DF4E31E3269E4C7700745766 /* Feed */ = {
			isa = PBXGroup;
			children = (
				DF4E31E4269E4C8A00745766 /* FeedViewController.h */,
				DF4E31E5269E4C8A00745766 /* FeedViewController.m */,
			);
			path = Feed;
			sourceTree = "<group>";
		};
		DF4E31EA269E5E8F00745766 /* Extensions */ = {
			isa = PBXGroup;
			children = (
			);
			path = Extensions;
			sourceTree = "<group>";
		};
		DF4E31F9269E823700745766 /* Enums */ = {
			isa = PBXGroup;
			children = (
				DF4E31FB269E826000745766 /* PanelButtonPosition.h */,
			);
			path = Enums;
			sourceTree = "<group>";
		};
		DF4E31FC269E871C00745766 /* Protocols */ = {
			isa = PBXGroup;
			children = (
				DF4E31FD269E872B00745766 /* ButtonsDelegate.h */,
			);
			path = Protocols;
			sourceTree = "<group>";
		};
		FFAAE985E21F24C4639E03E7 /* Frameworks */ = {
			isa = PBXGroup;
			children = (
				07A8394468BAEED0D4F64982 /* Pods_FBU_Final_Project.framework */,
				7E4231B415B584643EA7B946 /* Pods_FBU_Final_Project_FBU_Final_ProjectUITests.framework */,
				BBE047636298072029964732 /* Pods_FBU_Final_ProjectTests.framework */,
			);
			name = Frameworks;
			sourceTree = "<group>";
		};
/* End PBXGroup section */

/* Begin PBXNativeTarget section */
		DF298677269C9EDF00EFB770 /* FBU Final Project */ = {
			isa = PBXNativeTarget;
			buildConfigurationList = DF2986A7269C9EE000EFB770 /* Build configuration list for PBXNativeTarget "FBU Final Project" */;
			buildPhases = (
				3CD5E82B7D525DB25286E19D /* [CP] Check Pods Manifest.lock */,
				DF298674269C9EDF00EFB770 /* Sources */,
				DF298675269C9EDF00EFB770 /* Frameworks */,
				DF298676269C9EDF00EFB770 /* Resources */,
				1F3E44FEA7CA67851119B463 /* [CP] Embed Pods Frameworks */,
			);
			buildRules = (
			);
			dependencies = (
			);
			name = "FBU Final Project";
			productName = "FBU Final Project";
			productReference = DF298678269C9EDF00EFB770 /* FBU Final Project.app */;
			productType = "com.apple.product-type.application";
		};
		DF298692269C9EE000EFB770 /* FBU Final ProjectTests */ = {
			isa = PBXNativeTarget;
			buildConfigurationList = DF2986AA269C9EE000EFB770 /* Build configuration list for PBXNativeTarget "FBU Final ProjectTests" */;
			buildPhases = (
				9CA5725BE6EF7133E7AE85B5 /* [CP] Check Pods Manifest.lock */,
				DF29868F269C9EE000EFB770 /* Sources */,
				DF298690269C9EE000EFB770 /* Frameworks */,
				DF298691269C9EE000EFB770 /* Resources */,
			);
			buildRules = (
			);
			dependencies = (
				DF298695269C9EE000EFB770 /* PBXTargetDependency */,
			);
			name = "FBU Final ProjectTests";
			productName = "FBU Final ProjectTests";
			productReference = DF298693269C9EE000EFB770 /* FBU Final ProjectTests.xctest */;
			productType = "com.apple.product-type.bundle.unit-test";
		};
		DF29869D269C9EE000EFB770 /* FBU Final ProjectUITests */ = {
			isa = PBXNativeTarget;
			buildConfigurationList = DF2986AD269C9EE000EFB770 /* Build configuration list for PBXNativeTarget "FBU Final ProjectUITests" */;
			buildPhases = (
				8E051F0EF6D53BEF26939BED /* [CP] Check Pods Manifest.lock */,
				DF29869A269C9EE000EFB770 /* Sources */,
				DF29869B269C9EE000EFB770 /* Frameworks */,
				DF29869C269C9EE000EFB770 /* Resources */,
				905637C3ED09B365729CD598 /* [CP] Embed Pods Frameworks */,
			);
			buildRules = (
			);
			dependencies = (
				DF2986A0269C9EE000EFB770 /* PBXTargetDependency */,
			);
			name = "FBU Final ProjectUITests";
			productName = "FBU Final ProjectUITests";
			productReference = DF29869E269C9EE000EFB770 /* FBU Final ProjectUITests.xctest */;
			productType = "com.apple.product-type.bundle.ui-testing";
		};
/* End PBXNativeTarget section */

/* Begin PBXProject section */
		DF298670269C9EDF00EFB770 /* Project object */ = {
			isa = PBXProject;
			attributes = {
				LastUpgradeCheck = 1250;
				TargetAttributes = {
					DF298677269C9EDF00EFB770 = {
						CreatedOnToolsVersion = 12.5.1;
					};
					DF298692269C9EE000EFB770 = {
						CreatedOnToolsVersion = 12.5.1;
						TestTargetID = DF298677269C9EDF00EFB770;
					};
					DF29869D269C9EE000EFB770 = {
						CreatedOnToolsVersion = 12.5.1;
						TestTargetID = DF298677269C9EDF00EFB770;
					};
				};
			};
			buildConfigurationList = DF298673269C9EDF00EFB770 /* Build configuration list for PBXProject "FBU Final Project" */;
			compatibilityVersion = "Xcode 9.3";
			developmentRegion = en;
			hasScannedForEncodings = 0;
			knownRegions = (
				en,
				Base,
			);
			mainGroup = DF29866F269C9EDF00EFB770;
			productRefGroup = DF298679269C9EDF00EFB770 /* Products */;
			projectDirPath = "";
			projectRoot = "";
			targets = (
				DF298677269C9EDF00EFB770 /* FBU Final Project */,
				DF298692269C9EE000EFB770 /* FBU Final ProjectTests */,
				DF29869D269C9EE000EFB770 /* FBU Final ProjectUITests */,
			);
		};
/* End PBXProject section */

/* Begin PBXResourcesBuildPhase section */
		DF298676269C9EDF00EFB770 /* Resources */ = {
			isa = PBXResourcesBuildPhase;
			buildActionMask = 2147483647;
			files = (
				DF29868B269C9EE000EFB770 /* LaunchScreen.storyboard in Resources */,
				DF2986B2269CA81F00EFB770 /* GoogleService-Info.plist in Resources */,
				DF298688269C9EE000EFB770 /* Assets.xcassets in Resources */,
			);
			runOnlyForDeploymentPostprocessing = 0;
		};
		DF298691269C9EE000EFB770 /* Resources */ = {
			isa = PBXResourcesBuildPhase;
			buildActionMask = 2147483647;
			files = (
			);
			runOnlyForDeploymentPostprocessing = 0;
		};
		DF29869C269C9EE000EFB770 /* Resources */ = {
			isa = PBXResourcesBuildPhase;
			buildActionMask = 2147483647;
			files = (
			);
			runOnlyForDeploymentPostprocessing = 0;
		};
/* End PBXResourcesBuildPhase section */

/* Begin PBXShellScriptBuildPhase section */
		1F3E44FEA7CA67851119B463 /* [CP] Embed Pods Frameworks */ = {
			isa = PBXShellScriptBuildPhase;
			buildActionMask = 2147483647;
			files = (
			);
			inputFileListPaths = (
				"${PODS_ROOT}/Target Support Files/Pods-FBU Final Project/Pods-FBU Final Project-frameworks-${CONFIGURATION}-input-files.xcfilelist",
			);
			name = "[CP] Embed Pods Frameworks";
			outputFileListPaths = (
				"${PODS_ROOT}/Target Support Files/Pods-FBU Final Project/Pods-FBU Final Project-frameworks-${CONFIGURATION}-output-files.xcfilelist",
			);
			runOnlyForDeploymentPostprocessing = 0;
			shellPath = /bin/sh;
			shellScript = "\"${PODS_ROOT}/Target Support Files/Pods-FBU Final Project/Pods-FBU Final Project-frameworks.sh\"\n";
			showEnvVarsInLog = 0;
		};
		3CD5E82B7D525DB25286E19D /* [CP] Check Pods Manifest.lock */ = {
			isa = PBXShellScriptBuildPhase;
			buildActionMask = 2147483647;
			files = (
			);
			inputFileListPaths = (
			);
			inputPaths = (
				"${PODS_PODFILE_DIR_PATH}/Podfile.lock",
				"${PODS_ROOT}/Manifest.lock",
			);
			name = "[CP] Check Pods Manifest.lock";
			outputFileListPaths = (
			);
			outputPaths = (
				"$(DERIVED_FILE_DIR)/Pods-FBU Final Project-checkManifestLockResult.txt",
			);
			runOnlyForDeploymentPostprocessing = 0;
			shellPath = /bin/sh;
			shellScript = "diff \"${PODS_PODFILE_DIR_PATH}/Podfile.lock\" \"${PODS_ROOT}/Manifest.lock\" > /dev/null\nif [ $? != 0 ] ; then\n    # print error to STDERR\n    echo \"error: The sandbox is not in sync with the Podfile.lock. Run 'pod install' or update your CocoaPods installation.\" >&2\n    exit 1\nfi\n# This output is used by Xcode 'outputs' to avoid re-running this script phase.\necho \"SUCCESS\" > \"${SCRIPT_OUTPUT_FILE_0}\"\n";
			showEnvVarsInLog = 0;
		};
		8E051F0EF6D53BEF26939BED /* [CP] Check Pods Manifest.lock */ = {
			isa = PBXShellScriptBuildPhase;
			buildActionMask = 2147483647;
			files = (
			);
			inputFileListPaths = (
			);
			inputPaths = (
				"${PODS_PODFILE_DIR_PATH}/Podfile.lock",
				"${PODS_ROOT}/Manifest.lock",
			);
			name = "[CP] Check Pods Manifest.lock";
			outputFileListPaths = (
			);
			outputPaths = (
				"$(DERIVED_FILE_DIR)/Pods-FBU Final Project-FBU Final ProjectUITests-checkManifestLockResult.txt",
			);
			runOnlyForDeploymentPostprocessing = 0;
			shellPath = /bin/sh;
			shellScript = "diff \"${PODS_PODFILE_DIR_PATH}/Podfile.lock\" \"${PODS_ROOT}/Manifest.lock\" > /dev/null\nif [ $? != 0 ] ; then\n    # print error to STDERR\n    echo \"error: The sandbox is not in sync with the Podfile.lock. Run 'pod install' or update your CocoaPods installation.\" >&2\n    exit 1\nfi\n# This output is used by Xcode 'outputs' to avoid re-running this script phase.\necho \"SUCCESS\" > \"${SCRIPT_OUTPUT_FILE_0}\"\n";
			showEnvVarsInLog = 0;
		};
		905637C3ED09B365729CD598 /* [CP] Embed Pods Frameworks */ = {
			isa = PBXShellScriptBuildPhase;
			buildActionMask = 2147483647;
			files = (
			);
			inputFileListPaths = (
				"${PODS_ROOT}/Target Support Files/Pods-FBU Final Project-FBU Final ProjectUITests/Pods-FBU Final Project-FBU Final ProjectUITests-frameworks-${CONFIGURATION}-input-files.xcfilelist",
			);
			name = "[CP] Embed Pods Frameworks";
			outputFileListPaths = (
				"${PODS_ROOT}/Target Support Files/Pods-FBU Final Project-FBU Final ProjectUITests/Pods-FBU Final Project-FBU Final ProjectUITests-frameworks-${CONFIGURATION}-output-files.xcfilelist",
			);
			runOnlyForDeploymentPostprocessing = 0;
			shellPath = /bin/sh;
			shellScript = "\"${PODS_ROOT}/Target Support Files/Pods-FBU Final Project-FBU Final ProjectUITests/Pods-FBU Final Project-FBU Final ProjectUITests-frameworks.sh\"\n";
			showEnvVarsInLog = 0;
		};
		9CA5725BE6EF7133E7AE85B5 /* [CP] Check Pods Manifest.lock */ = {
			isa = PBXShellScriptBuildPhase;
			buildActionMask = 2147483647;
			files = (
			);
			inputFileListPaths = (
			);
			inputPaths = (
				"${PODS_PODFILE_DIR_PATH}/Podfile.lock",
				"${PODS_ROOT}/Manifest.lock",
			);
			name = "[CP] Check Pods Manifest.lock";
			outputFileListPaths = (
			);
			outputPaths = (
				"$(DERIVED_FILE_DIR)/Pods-FBU Final ProjectTests-checkManifestLockResult.txt",
			);
			runOnlyForDeploymentPostprocessing = 0;
			shellPath = /bin/sh;
			shellScript = "diff \"${PODS_PODFILE_DIR_PATH}/Podfile.lock\" \"${PODS_ROOT}/Manifest.lock\" > /dev/null\nif [ $? != 0 ] ; then\n    # print error to STDERR\n    echo \"error: The sandbox is not in sync with the Podfile.lock. Run 'pod install' or update your CocoaPods installation.\" >&2\n    exit 1\nfi\n# This output is used by Xcode 'outputs' to avoid re-running this script phase.\necho \"SUCCESS\" > \"${SCRIPT_OUTPUT_FILE_0}\"\n";
			showEnvVarsInLog = 0;
		};
/* End PBXShellScriptBuildPhase section */

/* Begin PBXSourcesBuildPhase section */
		DF298674269C9EDF00EFB770 /* Sources */ = {
			isa = PBXSourcesBuildPhase;
			buildActionMask = 2147483647;
			files = (
				DF4E31F7269E80A200745766 /* ButtonsViewController.m in Sources */,
				DF4E3208269FD1F800745766 /* RootViewController.m in Sources */,
				DF2986B5269CFD2B00EFB770 /* WelcomeViewController.m in Sources */,
				DF2986BD269DE85900EFB770 /* User.m in Sources */,
				DF4E31E6269E4C8A00745766 /* FeedViewController.m in Sources */,
				DF2986C2269DF08900EFB770 /* UsernameViewController.m in Sources */,
				DF2986BB269D05B400EFB770 /* EnterVerificationCodeViewController.m in Sources */,
				DF29867D269C9EDF00EFB770 /* AppDelegate.m in Sources */,
				DF4E31FF269E944A00745766 /* ViewControllerHelper.m in Sources */,
				DF4E31E9269E4C9300745766 /* ExploreViewController.m in Sources */,
				DF4E3205269F8CCB00745766 /* CreateListingViewController.m in Sources */,
				DF2986C4269DFC3B00EFB770 /* FirestoreObject.m in Sources */,
				DF4E31F3269E6D7D00745766 /* ScrollViewHelper.m in Sources */,
				DF2986B8269D019400EFB770 /* EnterPhoneNumberViewController.m in Sources */,
				DF3A8746269E000C008904BB /* TabBarController.m in Sources */,
				DF29868E269C9EE000EFB770 /* main.m in Sources */,
				DF4E31E0269E4C2900745766 /* CameraViewController.m in Sources */,
				DF8E6110269FE2B50097F826 /* ListingImageViewTableViewCell.m in Sources */,
				DF3A8750269E0B7E008904BB /* DesignHelper.m in Sources */,
				DF298680269C9EDF00EFB770 /* SceneDelegate.m in Sources */,
			);
			runOnlyForDeploymentPostprocessing = 0;
		};
		DF29868F269C9EE000EFB770 /* Sources */ = {
			isa = PBXSourcesBuildPhase;
			buildActionMask = 2147483647;
			files = (
				DF298698269C9EE000EFB770 /* FBU_Final_ProjectTests.m in Sources */,
			);
			runOnlyForDeploymentPostprocessing = 0;
		};
		DF29869A269C9EE000EFB770 /* Sources */ = {
			isa = PBXSourcesBuildPhase;
			buildActionMask = 2147483647;
			files = (
				DF2986A3269C9EE000EFB770 /* FBU_Final_ProjectUITests.m in Sources */,
			);
			runOnlyForDeploymentPostprocessing = 0;
		};
/* End PBXSourcesBuildPhase section */

/* Begin PBXTargetDependency section */
		DF298695269C9EE000EFB770 /* PBXTargetDependency */ = {
			isa = PBXTargetDependency;
			target = DF298677269C9EDF00EFB770 /* FBU Final Project */;
			targetProxy = DF298694269C9EE000EFB770 /* PBXContainerItemProxy */;
		};
		DF2986A0269C9EE000EFB770 /* PBXTargetDependency */ = {
			isa = PBXTargetDependency;
			target = DF298677269C9EDF00EFB770 /* FBU Final Project */;
			targetProxy = DF29869F269C9EE000EFB770 /* PBXContainerItemProxy */;
		};
/* End PBXTargetDependency section */

/* Begin PBXVariantGroup section */
		DF298689269C9EE000EFB770 /* LaunchScreen.storyboard */ = {
			isa = PBXVariantGroup;
			children = (
				DF29868A269C9EE000EFB770 /* Base */,
			);
			name = LaunchScreen.storyboard;
			sourceTree = "<group>";
		};
/* End PBXVariantGroup section */

/* Begin XCBuildConfiguration section */
		DF2986A5269C9EE000EFB770 /* Debug */ = {
			isa = XCBuildConfiguration;
			buildSettings = {
				ALWAYS_SEARCH_USER_PATHS = NO;
				CLANG_ANALYZER_NONNULL = YES;
				CLANG_ANALYZER_NUMBER_OBJECT_CONVERSION = YES_AGGRESSIVE;
				CLANG_CXX_LANGUAGE_STANDARD = "gnu++14";
				CLANG_CXX_LIBRARY = "libc++";
				CLANG_ENABLE_MODULES = YES;
				CLANG_ENABLE_OBJC_ARC = YES;
				CLANG_ENABLE_OBJC_WEAK = YES;
				CLANG_WARN_BLOCK_CAPTURE_AUTORELEASING = YES;
				CLANG_WARN_BOOL_CONVERSION = YES;
				CLANG_WARN_COMMA = YES;
				CLANG_WARN_CONSTANT_CONVERSION = YES;
				CLANG_WARN_DEPRECATED_OBJC_IMPLEMENTATIONS = YES;
				CLANG_WARN_DIRECT_OBJC_ISA_USAGE = YES_ERROR;
				CLANG_WARN_DOCUMENTATION_COMMENTS = YES;
				CLANG_WARN_EMPTY_BODY = YES;
				CLANG_WARN_ENUM_CONVERSION = YES;
				CLANG_WARN_INFINITE_RECURSION = YES;
				CLANG_WARN_INT_CONVERSION = YES;
				CLANG_WARN_NON_LITERAL_NULL_CONVERSION = YES;
				CLANG_WARN_OBJC_IMPLICIT_RETAIN_SELF = YES;
				CLANG_WARN_OBJC_LITERAL_CONVERSION = YES;
				CLANG_WARN_OBJC_ROOT_CLASS = YES_ERROR;
				CLANG_WARN_QUOTED_INCLUDE_IN_FRAMEWORK_HEADER = YES;
				CLANG_WARN_RANGE_LOOP_ANALYSIS = YES;
				CLANG_WARN_STRICT_PROTOTYPES = YES;
				CLANG_WARN_SUSPICIOUS_MOVE = YES;
				CLANG_WARN_UNGUARDED_AVAILABILITY = YES_AGGRESSIVE;
				CLANG_WARN_UNREACHABLE_CODE = YES;
				CLANG_WARN__DUPLICATE_METHOD_MATCH = YES;
				COPY_PHASE_STRIP = NO;
				DEBUG_INFORMATION_FORMAT = dwarf;
				ENABLE_STRICT_OBJC_MSGSEND = YES;
				ENABLE_TESTABILITY = YES;
				GCC_C_LANGUAGE_STANDARD = gnu11;
				GCC_DYNAMIC_NO_PIC = NO;
				GCC_NO_COMMON_BLOCKS = YES;
				GCC_OPTIMIZATION_LEVEL = 0;
				GCC_PREPROCESSOR_DEFINITIONS = (
					"DEBUG=1",
					"$(inherited)",
				);
				GCC_WARN_64_TO_32_BIT_CONVERSION = YES;
				GCC_WARN_ABOUT_RETURN_TYPE = YES_ERROR;
				GCC_WARN_UNDECLARED_SELECTOR = YES;
				GCC_WARN_UNINITIALIZED_AUTOS = YES_AGGRESSIVE;
				GCC_WARN_UNUSED_FUNCTION = YES;
				GCC_WARN_UNUSED_VARIABLE = YES;
				IPHONEOS_DEPLOYMENT_TARGET = 13.0;
				MTL_ENABLE_DEBUG_INFO = INCLUDE_SOURCE;
				MTL_FAST_MATH = YES;
				ONLY_ACTIVE_ARCH = YES;
				SDKROOT = iphoneos;
			};
			name = Debug;
		};
		DF2986A6269C9EE000EFB770 /* Release */ = {
			isa = XCBuildConfiguration;
			buildSettings = {
				ALWAYS_SEARCH_USER_PATHS = NO;
				CLANG_ANALYZER_NONNULL = YES;
				CLANG_ANALYZER_NUMBER_OBJECT_CONVERSION = YES_AGGRESSIVE;
				CLANG_CXX_LANGUAGE_STANDARD = "gnu++14";
				CLANG_CXX_LIBRARY = "libc++";
				CLANG_ENABLE_MODULES = YES;
				CLANG_ENABLE_OBJC_ARC = YES;
				CLANG_ENABLE_OBJC_WEAK = YES;
				CLANG_WARN_BLOCK_CAPTURE_AUTORELEASING = YES;
				CLANG_WARN_BOOL_CONVERSION = YES;
				CLANG_WARN_COMMA = YES;
				CLANG_WARN_CONSTANT_CONVERSION = YES;
				CLANG_WARN_DEPRECATED_OBJC_IMPLEMENTATIONS = YES;
				CLANG_WARN_DIRECT_OBJC_ISA_USAGE = YES_ERROR;
				CLANG_WARN_DOCUMENTATION_COMMENTS = YES;
				CLANG_WARN_EMPTY_BODY = YES;
				CLANG_WARN_ENUM_CONVERSION = YES;
				CLANG_WARN_INFINITE_RECURSION = YES;
				CLANG_WARN_INT_CONVERSION = YES;
				CLANG_WARN_NON_LITERAL_NULL_CONVERSION = YES;
				CLANG_WARN_OBJC_IMPLICIT_RETAIN_SELF = YES;
				CLANG_WARN_OBJC_LITERAL_CONVERSION = YES;
				CLANG_WARN_OBJC_ROOT_CLASS = YES_ERROR;
				CLANG_WARN_QUOTED_INCLUDE_IN_FRAMEWORK_HEADER = YES;
				CLANG_WARN_RANGE_LOOP_ANALYSIS = YES;
				CLANG_WARN_STRICT_PROTOTYPES = YES;
				CLANG_WARN_SUSPICIOUS_MOVE = YES;
				CLANG_WARN_UNGUARDED_AVAILABILITY = YES_AGGRESSIVE;
				CLANG_WARN_UNREACHABLE_CODE = YES;
				CLANG_WARN__DUPLICATE_METHOD_MATCH = YES;
				COPY_PHASE_STRIP = NO;
				DEBUG_INFORMATION_FORMAT = "dwarf-with-dsym";
				ENABLE_NS_ASSERTIONS = NO;
				ENABLE_STRICT_OBJC_MSGSEND = YES;
				GCC_C_LANGUAGE_STANDARD = gnu11;
				GCC_NO_COMMON_BLOCKS = YES;
				GCC_WARN_64_TO_32_BIT_CONVERSION = YES;
				GCC_WARN_ABOUT_RETURN_TYPE = YES_ERROR;
				GCC_WARN_UNDECLARED_SELECTOR = YES;
				GCC_WARN_UNINITIALIZED_AUTOS = YES_AGGRESSIVE;
				GCC_WARN_UNUSED_FUNCTION = YES;
				GCC_WARN_UNUSED_VARIABLE = YES;
				IPHONEOS_DEPLOYMENT_TARGET = 13.0;
				MTL_ENABLE_DEBUG_INFO = NO;
				MTL_FAST_MATH = YES;
				SDKROOT = iphoneos;
				VALIDATE_PRODUCT = YES;
			};
			name = Release;
		};
		DF2986A8269C9EE000EFB770 /* Debug */ = {
			isa = XCBuildConfiguration;
			baseConfigurationReference = 440A8456D8B375CBDE9688B3 /* Pods-FBU Final Project.debug.xcconfig */;
			buildSettings = {
				ASSETCATALOG_COMPILER_APPICON_NAME = AppIcon;
				ASSETCATALOG_COMPILER_GLOBAL_ACCENT_COLOR_NAME = AccentColor;
				CODE_SIGN_STYLE = Automatic;
				DEVELOPMENT_TEAM = 6P8ZRP65P6;
				INFOPLIST_FILE = "FBU Final Project/Info.plist";
				LD_RUNPATH_SEARCH_PATHS = (
					"$(inherited)",
					"@executable_path/Frameworks",
				);
				PRODUCT_BUNDLE_IDENTIFIER = "com.AtemnkengFontem.FBU-Final-Project";
				PRODUCT_NAME = "$(TARGET_NAME)";
				TARGETED_DEVICE_FAMILY = "1,2";
			};
			name = Debug;
		};
		DF2986A9269C9EE000EFB770 /* Release */ = {
			isa = XCBuildConfiguration;
			baseConfigurationReference = B866495E2657D696E83E33B1 /* Pods-FBU Final Project.release.xcconfig */;
			buildSettings = {
				ASSETCATALOG_COMPILER_APPICON_NAME = AppIcon;
				ASSETCATALOG_COMPILER_GLOBAL_ACCENT_COLOR_NAME = AccentColor;
				CODE_SIGN_STYLE = Automatic;
				DEVELOPMENT_TEAM = 6P8ZRP65P6;
				INFOPLIST_FILE = "FBU Final Project/Info.plist";
				LD_RUNPATH_SEARCH_PATHS = (
					"$(inherited)",
					"@executable_path/Frameworks",
				);
				PRODUCT_BUNDLE_IDENTIFIER = "com.AtemnkengFontem.FBU-Final-Project";
				PRODUCT_NAME = "$(TARGET_NAME)";
				TARGETED_DEVICE_FAMILY = "1,2";
			};
			name = Release;
		};
		DF2986AB269C9EE000EFB770 /* Debug */ = {
			isa = XCBuildConfiguration;
			baseConfigurationReference = E455FA271757885065A8D89E /* Pods-FBU Final ProjectTests.debug.xcconfig */;
			buildSettings = {
				BUNDLE_LOADER = "$(TEST_HOST)";
				CODE_SIGN_STYLE = Automatic;
				DEVELOPMENT_TEAM = 6P8ZRP65P6;
				INFOPLIST_FILE = "FBU Final ProjectTests/Info.plist";
				IPHONEOS_DEPLOYMENT_TARGET = 14.5;
				LD_RUNPATH_SEARCH_PATHS = (
					"$(inherited)",
					"@executable_path/Frameworks",
					"@loader_path/Frameworks",
				);
				PRODUCT_BUNDLE_IDENTIFIER = "com.AtemnkengFontem.FBU-Final-ProjectTests";
				PRODUCT_NAME = "$(TARGET_NAME)";
				TARGETED_DEVICE_FAMILY = "1,2";
				TEST_HOST = "$(BUILT_PRODUCTS_DIR)/FBU Final Project.app/FBU Final Project";
			};
			name = Debug;
		};
		DF2986AC269C9EE000EFB770 /* Release */ = {
			isa = XCBuildConfiguration;
			baseConfigurationReference = 134B54EFCA73B0CD2ED25B63 /* Pods-FBU Final ProjectTests.release.xcconfig */;
			buildSettings = {
				BUNDLE_LOADER = "$(TEST_HOST)";
				CODE_SIGN_STYLE = Automatic;
				DEVELOPMENT_TEAM = 6P8ZRP65P6;
				INFOPLIST_FILE = "FBU Final ProjectTests/Info.plist";
				IPHONEOS_DEPLOYMENT_TARGET = 14.5;
				LD_RUNPATH_SEARCH_PATHS = (
					"$(inherited)",
					"@executable_path/Frameworks",
					"@loader_path/Frameworks",
				);
				PRODUCT_BUNDLE_IDENTIFIER = "com.AtemnkengFontem.FBU-Final-ProjectTests";
				PRODUCT_NAME = "$(TARGET_NAME)";
				TARGETED_DEVICE_FAMILY = "1,2";
				TEST_HOST = "$(BUILT_PRODUCTS_DIR)/FBU Final Project.app/FBU Final Project";
			};
			name = Release;
		};
		DF2986AE269C9EE000EFB770 /* Debug */ = {
			isa = XCBuildConfiguration;
			baseConfigurationReference = 4E754A42201218B3CB912D6C /* Pods-FBU Final Project-FBU Final ProjectUITests.debug.xcconfig */;
			buildSettings = {
				CODE_SIGN_STYLE = Automatic;
				DEVELOPMENT_TEAM = 6P8ZRP65P6;
				INFOPLIST_FILE = "FBU Final ProjectUITests/Info.plist";
				LD_RUNPATH_SEARCH_PATHS = (
					"$(inherited)",
					"@executable_path/Frameworks",
					"@loader_path/Frameworks",
				);
				PRODUCT_BUNDLE_IDENTIFIER = "com.AtemnkengFontem.FBU-Final-ProjectUITests";
				PRODUCT_NAME = "$(TARGET_NAME)";
				TARGETED_DEVICE_FAMILY = "1,2";
				TEST_TARGET_NAME = "FBU Final Project";
			};
			name = Debug;
		};
		DF2986AF269C9EE000EFB770 /* Release */ = {
			isa = XCBuildConfiguration;
			baseConfigurationReference = 79B2BF58A1E0294061549D3D /* Pods-FBU Final Project-FBU Final ProjectUITests.release.xcconfig */;
			buildSettings = {
				CODE_SIGN_STYLE = Automatic;
				DEVELOPMENT_TEAM = 6P8ZRP65P6;
				INFOPLIST_FILE = "FBU Final ProjectUITests/Info.plist";
				LD_RUNPATH_SEARCH_PATHS = (
					"$(inherited)",
					"@executable_path/Frameworks",
					"@loader_path/Frameworks",
				);
				PRODUCT_BUNDLE_IDENTIFIER = "com.AtemnkengFontem.FBU-Final-ProjectUITests";
				PRODUCT_NAME = "$(TARGET_NAME)";
				TARGETED_DEVICE_FAMILY = "1,2";
				TEST_TARGET_NAME = "FBU Final Project";
			};
			name = Release;
		};
/* End XCBuildConfiguration section */

/* Begin XCConfigurationList section */
		DF298673269C9EDF00EFB770 /* Build configuration list for PBXProject "FBU Final Project" */ = {
			isa = XCConfigurationList;
			buildConfigurations = (
				DF2986A5269C9EE000EFB770 /* Debug */,
				DF2986A6269C9EE000EFB770 /* Release */,
			);
			defaultConfigurationIsVisible = 0;
			defaultConfigurationName = Release;
		};
		DF2986A7269C9EE000EFB770 /* Build configuration list for PBXNativeTarget "FBU Final Project" */ = {
			isa = XCConfigurationList;
			buildConfigurations = (
				DF2986A8269C9EE000EFB770 /* Debug */,
				DF2986A9269C9EE000EFB770 /* Release */,
			);
			defaultConfigurationIsVisible = 0;
			defaultConfigurationName = Release;
		};
		DF2986AA269C9EE000EFB770 /* Build configuration list for PBXNativeTarget "FBU Final ProjectTests" */ = {
			isa = XCConfigurationList;
			buildConfigurations = (
				DF2986AB269C9EE000EFB770 /* Debug */,
				DF2986AC269C9EE000EFB770 /* Release */,
			);
			defaultConfigurationIsVisible = 0;
			defaultConfigurationName = Release;
		};
		DF2986AD269C9EE000EFB770 /* Build configuration list for PBXNativeTarget "FBU Final ProjectUITests" */ = {
			isa = XCConfigurationList;
			buildConfigurations = (
				DF2986AE269C9EE000EFB770 /* Debug */,
				DF2986AF269C9EE000EFB770 /* Release */,
			);
			defaultConfigurationIsVisible = 0;
			defaultConfigurationName = Release;
		};
/* End XCConfigurationList section */
	};
	rootObject = DF298670269C9EDF00EFB770 /* Project object */;
}
